PODS:
  - Flutter (1.0.0)
  - flutter_marquee (0.0.1):
    - Flutter

DEPENDENCIES:
  - Flutter (from `.symlinks/flutter/ios`)
  - flutter_marquee (from `.symlinks/plugins/flutter_marquee/ios`)

EXTERNAL SOURCES:
  Flutter:
    :path: ".symlinks/flutter/ios"
  flutter_marquee:
    :path: ".symlinks/plugins/flutter_marquee/ios"

SPEC CHECKSUMS:
  Flutter: 9d0fac939486c9aba2809b7982dfdbb47a7b0296
  flutter_marquee: 931a8d7dfe0d3c16da8f7725c52a437b44edf220

PODFILE CHECKSUM: aff02bfeed411c636180d6812254b2daeea14d09

COCOAPODS: 1.5.3
